
Microsoft Visual Studio Solution File, Format Version 12.00
# Visual Studio Version 17
VisualStudioVersion = 17.14.36408.4
MinimumVisualStudioVersion = 10.0.40219.1
Project("{FAE04EC0-301F-11D3-BF4B-00C04F79EFBC}") = "BlazorVerse", "BlazorVerse.csproj", "{AE199B31-E10E-D1FA-4937-B91743A17124}"
EndProject
Project("{FAE04EC0-301F-11D3-BF4B-00C04F79EFBC}") = "BlazorRunner", "BlazorRunner\BlazorRunner.csproj", "{0C2F6764-AF00-483D-BADB-CE136D7C7B1D}"
EndProject
Project("{FAE04EC0-301F-11D3-BF4B-00C04F79EFBC}") = "BlazorVerse.Core", "BlazorVerse.Core\BlazorVerse.Core.csproj", "{4A8712F2-98A3-42C3-8935-9B7F0CAE12C6}"
EndProject
Global
	GlobalSection(SolutionConfigurationPlatforms) = preSolution
		Debug|Any CPU = Debug|Any CPU
		Debug|x64 = Debug|x64
		Debug|x86 = Debug|x86
		Release|Any CPU = Release|Any CPU
		Release|x64 = Release|x64
		Release|x86 = Release|x86
	EndGlobalSection
	GlobalSection(ProjectConfigurationPlatforms) = postSolution
		{AE199B31-E10E-D1FA-4937-B91743A17124}.Debug|Any CPU.ActiveCfg = Debug|Any CPU
		{AE199B31-E10E-D1FA-4937-B91743A17124}.Debug|Any CPU.Build.0 = Debug|Any CPU
		{AE199B31-E10E-D1FA-4937-B91743A17124}.Debug|x64.ActiveCfg = Debug|Any CPU
		{AE199B31-E10E-D1FA-4937-B91743A17124}.Debug|x64.Build.0 = Debug|Any CPU
		{AE199B31-E10E-D1FA-4937-B91743A17124}.Debug|x86.ActiveCfg = Debug|Any CPU
		{AE199B31-E10E-D1FA-4937-B91743A17124}.Debug|x86.Build.0 = Debug|Any CPU
		{AE199B31-E10E-D1FA-4937-B91743A17124}.Release|Any CPU.ActiveCfg = Release|Any CPU
		{AE199B31-E10E-D1FA-4937-B91743A17124}.Release|Any CPU.Build.0 = Release|Any CPU
		{AE199B31-E10E-D1FA-4937-B91743A17124}.Release|x64.ActiveCfg = Release|Any CPU
		{AE199B31-E10E-D1FA-4937-B91743A17124}.Release|x64.Build.0 = Release|Any CPU
		{AE199B31-E10E-D1FA-4937-B91743A17124}.Release|x86.ActiveCfg = Release|Any CPU
		{AE199B31-E10E-D1FA-4937-B91743A17124}.Release|x86.Build.0 = Release|Any CPU
		{0C2F6764-AF00-483D-BADB-CE136D7C7B1D}.Debug|Any CPU.ActiveCfg = Debug|Any CPU
		{0C2F6764-AF00-483D-BADB-CE136D7C7B1D}.Debug|Any CPU.Build.0 = Debug|Any CPU
		{0C2F6764-AF00-483D-BADB-CE136D7C7B1D}.Debug|x64.ActiveCfg = Debug|Any CPU
		{0C2F6764-AF00-483D-BADB-CE136D7C7B1D}.Debug|x64.Build.0 = Debug|Any CPU
		{0C2F6764-AF00-483D-BADB-CE136D7C7B1D}.Debug|x86.ActiveCfg = Debug|Any CPU
		{0C2F6764-AF00-483D-BADB-CE136D7C7B1D}.Debug|x86.Build.0 = Debug|Any CPU
		{0C2F6764-AF00-483D-BADB-CE136D7C7B1D}.Release|Any CPU.ActiveCfg = Release|Any CPU
		{0C2F6764-AF00-483D-BADB-CE136D7C7B1D}.Release|Any CPU.Build.0 = Release|Any CPU
		{0C2F6764-AF00-483D-BADB-CE136D7C7B1D}.Release|x64.ActiveCfg = Release|Any CPU
		{0C2F6764-AF00-483D-BADB-CE136D7C7B1D}.Release|x64.Build.0 = Release|Any CPU
		{0C2F6764-AF00-483D-BADB-CE136D7C7B1D}.Release|x86.ActiveCfg = Release|Any CPU
		{0C2F6764-AF00-483D-BADB-CE136D7C7B1D}.Release|x86.Build.0 = Release|Any CPU
		{4A8712F2-98A3-42C3-8935-9B7F0CAE12C6}.Debug|Any CPU.ActiveCfg = Debug|Any CPU
		{4A8712F2-98A3-42C3-8935-9B7F0CAE12C6}.Debug|Any CPU.Build.0 = Debug|Any CPU
		{4A8712F2-98A3-42C3-8935-9B7F0CAE12C6}.Debug|x64.ActiveCfg = Debug|Any CPU
		{4A8712F2-98A3-42C3-8935-9B7F0CAE12C6}.Debug|x64.Build.0 = Debug|Any CPU
		{4A8712F2-98A3-42C3-8935-9B7F0CAE12C6}.Debug|x86.ActiveCfg = Debug|Any CPU
		{4A8712F2-98A3-42C3-8935-9B7F0CAE12C6}.Debug|x86.Build.0 = Debug|Any CPU
		{4A8712F2-98A3-42C3-8935-9B7F0CAE12C6}.Release|Any CPU.ActiveCfg = Release|Any CPU
		{4A8712F2-98A3-42C3-8935-9B7F0CAE12C6}.Release|Any CPU.Build.0 = Release|Any CPU
		{4A8712F2-98A3-42C3-8935-9B7F0CAE12C6}.Release|x64.ActiveCfg = Release|Any CPU
		{4A8712F2-98A3-42C3-8935-9B7F0CAE12C6}.Release|x64.Build.0 = Release|Any CPU
		{4A8712F2-98A3-42C3-8935-9B7F0CAE12C6}.Release|x86.ActiveCfg = Release|Any CPU
		{4A8712F2-98A3-42C3-8935-9B7F0CAE12C6}.Release|x86.Build.0 = Release|Any CPU
	EndGlobalSection
	GlobalSection(SolutionProperties) = preSolution
		HideSolutionNode = FALSE
	EndGlobalSection
	GlobalSection(ExtensibilityGlobals) = postSolution
		SolutionGuid = {7FEFADFB-D4F5-4AA2-9755-2FC7754A876D}
	EndGlobalSection
EndGlobal
